
Microsoft Visual Studio Solution File, Format Version 12.00
# Visual Studio Version 16
VisualStudioVersion = 16.0.29519.181
MinimumVisualStudioVersion = 10.0.40219.1
Project("{9A19103F-16F7-4668-BE54-9A1E7A4F7556}") = "TpBooks", "TpBooks\TpBooks.csproj", "{0432C51F-A824-4A48-AF53-CD6FCBC758AF}"
EndProject
Global
	GlobalSection(SolutionConfigurationPlatforms) = preSolution
		Debug|Any CPU = Debug|Any CPU
		Release|Any CPU = Release|Any CPU
	EndGlobalSection
	GlobalSection(ProjectConfigurationPlatforms) = postSolution
		{0432C51F-A824-4A48-AF53-CD6FCBC758AF}.Debug|Any CPU.ActiveCfg = Debug|Any CPU
		{0432C51F-A824-4A48-AF53-CD6FCBC758AF}.Debug|Any CPU.Build.0 = Debug|Any CPU
		{0432C51F-A824-4A48-AF53-CD6FCBC758AF}.Release|Any CPU.ActiveCfg = Release|Any CPU
		{0432C51F-A824-4A48-AF53-CD6FCBC758AF}.Release|Any CPU.Build.0 = Release|Any CPU
	EndGlobalSection
	GlobalSection(SolutionProperties) = preSolution
		HideSolutionNode = FALSE
	EndGlobalSection
	GlobalSection(ExtensibilityGlobals) = postSolution
		SolutionGuid = {F25F6900-C2D3-4209-BC4E-70540CC547D1}
	EndGlobalSection
EndGlobal
